
Microsoft Visual Studio Solution File, Format Version 12.00
# Visual Studio Version 16
VisualStudioVersion = 16.0.29613.14
MinimumVisualStudioVersion = 10.0.40219.1
Project("{9A19103F-16F7-4668-BE54-9A1E7A4F7556}") = "CommunicationServer", "CommunicationServer\CommunicationServer.csproj", "{DD999C77-1A1B-4853-A0A8-468F85A64644}"
EndProject
Project("{9A19103F-16F7-4668-BE54-9A1E7A4F7556}") = "Agent", "Agent\Agent.csproj", "{05F62BE1-735B-4546-94E4-B86C3ED47C1C}"
EndProject
Project("{9A19103F-16F7-4668-BE54-9A1E7A4F7556}") = "AgentTests", "AgentTests\AgentTests.csproj", "{2F325DE6-AB11-4D41-B7BB-3CA57C37D410}"
EndProject
Project("{9A19103F-16F7-4668-BE54-9A1E7A4F7556}") = "CommunicationServerTests", "CommunicationServerTests\CommunicationServerTests.csproj", "{53AE09CC-5F35-452A-A07B-C05EB4410B84}"
EndProject
Project("{9A19103F-16F7-4668-BE54-9A1E7A4F7556}") = "GameMasterTests", "GameMasterTests\GameMasterTests.csproj", "{82DD9FCB-0BBF-415B-BBD6-773F29AC2EAD}"
EndProject
Project("{9A19103F-16F7-4668-BE54-9A1E7A4F7556}") = "GameMaster", "GameMaster\GameMaster.csproj", "{827BFE33-CC5D-47AE-9FDD-32C73B53A9A5}"
EndProject
Project("{9A19103F-16F7-4668-BE54-9A1E7A4F7556}") = "GameMasterPresentation", "GameMasterPresentation\GameMasterPresentation.csproj", "{E43B4E96-3C04-47AC-A9FF-6085571C6B88}"
EndProject
Project("{FAE04EC0-301F-11D3-BF4B-00C04F79EFBC}") = "Messaging", "Messaging\Messaging.csproj", "{B8161B95-CC50-457E-B4DA-54BEE526C7CB}"
EndProject
Global
	GlobalSection(SolutionConfigurationPlatforms) = preSolution
		Debug|Any CPU = Debug|Any CPU
		Release|Any CPU = Release|Any CPU
	EndGlobalSection
	GlobalSection(ProjectConfigurationPlatforms) = postSolution
		{DD999C77-1A1B-4853-A0A8-468F85A64644}.Debug|Any CPU.ActiveCfg = Debug|Any CPU
		{DD999C77-1A1B-4853-A0A8-468F85A64644}.Debug|Any CPU.Build.0 = Debug|Any CPU
		{DD999C77-1A1B-4853-A0A8-468F85A64644}.Release|Any CPU.ActiveCfg = Release|Any CPU
		{DD999C77-1A1B-4853-A0A8-468F85A64644}.Release|Any CPU.Build.0 = Release|Any CPU
		{05F62BE1-735B-4546-94E4-B86C3ED47C1C}.Debug|Any CPU.ActiveCfg = Debug|Any CPU
		{05F62BE1-735B-4546-94E4-B86C3ED47C1C}.Debug|Any CPU.Build.0 = Debug|Any CPU
		{05F62BE1-735B-4546-94E4-B86C3ED47C1C}.Release|Any CPU.ActiveCfg = Release|Any CPU
		{05F62BE1-735B-4546-94E4-B86C3ED47C1C}.Release|Any CPU.Build.0 = Release|Any CPU
		{2F325DE6-AB11-4D41-B7BB-3CA57C37D410}.Debug|Any CPU.ActiveCfg = Debug|Any CPU
		{2F325DE6-AB11-4D41-B7BB-3CA57C37D410}.Debug|Any CPU.Build.0 = Debug|Any CPU
		{2F325DE6-AB11-4D41-B7BB-3CA57C37D410}.Release|Any CPU.ActiveCfg = Release|Any CPU
		{2F325DE6-AB11-4D41-B7BB-3CA57C37D410}.Release|Any CPU.Build.0 = Release|Any CPU
		{53AE09CC-5F35-452A-A07B-C05EB4410B84}.Debug|Any CPU.ActiveCfg = Debug|Any CPU
		{53AE09CC-5F35-452A-A07B-C05EB4410B84}.Debug|Any CPU.Build.0 = Debug|Any CPU
		{53AE09CC-5F35-452A-A07B-C05EB4410B84}.Release|Any CPU.ActiveCfg = Release|Any CPU
		{53AE09CC-5F35-452A-A07B-C05EB4410B84}.Release|Any CPU.Build.0 = Release|Any CPU
		{82DD9FCB-0BBF-415B-BBD6-773F29AC2EAD}.Debug|Any CPU.ActiveCfg = Debug|Any CPU
		{82DD9FCB-0BBF-415B-BBD6-773F29AC2EAD}.Debug|Any CPU.Build.0 = Debug|Any CPU
		{82DD9FCB-0BBF-415B-BBD6-773F29AC2EAD}.Release|Any CPU.ActiveCfg = Release|Any CPU
		{82DD9FCB-0BBF-415B-BBD6-773F29AC2EAD}.Release|Any CPU.Build.0 = Release|Any CPU
		{827BFE33-CC5D-47AE-9FDD-32C73B53A9A5}.Debug|Any CPU.ActiveCfg = Debug|Any CPU
		{827BFE33-CC5D-47AE-9FDD-32C73B53A9A5}.Debug|Any CPU.Build.0 = Debug|Any CPU
		{827BFE33-CC5D-47AE-9FDD-32C73B53A9A5}.Release|Any CPU.ActiveCfg = Release|Any CPU
		{827BFE33-CC5D-47AE-9FDD-32C73B53A9A5}.Release|Any CPU.Build.0 = Release|Any CPU
		{E43B4E96-3C04-47AC-A9FF-6085571C6B88}.Debug|Any CPU.ActiveCfg = Debug|Any CPU
		{E43B4E96-3C04-47AC-A9FF-6085571C6B88}.Debug|Any CPU.Build.0 = Debug|Any CPU
		{E43B4E96-3C04-47AC-A9FF-6085571C6B88}.Release|Any CPU.ActiveCfg = Release|Any CPU
		{E43B4E96-3C04-47AC-A9FF-6085571C6B88}.Release|Any CPU.Build.0 = Release|Any CPU
		{B8161B95-CC50-457E-B4DA-54BEE526C7CB}.Debug|Any CPU.ActiveCfg = Debug|Any CPU
		{B8161B95-CC50-457E-B4DA-54BEE526C7CB}.Debug|Any CPU.Build.0 = Debug|Any CPU
		{B8161B95-CC50-457E-B4DA-54BEE526C7CB}.Release|Any CPU.ActiveCfg = Release|Any CPU
		{B8161B95-CC50-457E-B4DA-54BEE526C7CB}.Release|Any CPU.Build.0 = Release|Any CPU
	EndGlobalSection
	GlobalSection(SolutionProperties) = preSolution
		HideSolutionNode = FALSE
	EndGlobalSection
	GlobalSection(ExtensibilityGlobals) = postSolution
		SolutionGuid = {961FF0CD-F51B-4B5D-A704-B440921FB5BF}
	EndGlobalSection
EndGlobal
